
Microsoft Visual Studio Solution File, Format Version 12.00
# Visual Studio Version 17
VisualStudioVersion = 17.0.31903.59
MinimumVisualStudioVersion = 10.0.40219.1
Project("{FAE04EC0-301F-11D3-BF4B-00C04F79EFBC}") = "FS.FakeTwiter.Api", "src\FS.Framework.Api\FS.FakeTwiter.Api.csproj", "{CE8786A4-09DD-F3AC-BAB3-93C52947D52B}"
EndProject
Project("{FAE04EC0-301F-11D3-BF4B-00C04F79EFBC}") = "FS.FakeTwiter.Application", "src\FS.Framework.Application\FS.FakeTwiter.Application.csproj", "{0A09B278-F8E2-E5CC-EA4F-0CE67A3B5EEF}"
EndProject
Project("{FAE04EC0-301F-11D3-BF4B-00C04F79EFBC}") = "FS.FakeTwiter.Domain", "src\FS.Framework.Domain\FS.FakeTwiter.Domain.csproj", "{4F5E0A1D-C4CB-743B-0F7D-F0041B34706C}"
EndProject
Project("{FAE04EC0-301F-11D3-BF4B-00C04F79EFBC}") = "FS.FakeTwiter.Infrastructure", "src\FS.Framework.Infrastructure\FS.FakeTwiter.Infrastructure.csproj", "{360DD3F5-628B-0217-DC37-0DB08BD5F5D8}"
EndProject
Project("{FAE04EC0-301F-11D3-BF4B-00C04F79EFBC}") = "FS.FakeTwiter.IntegrationTests", "tests\FS.Framework.IntegrationTests\FS.FakeTwiter.IntegrationTests.csproj", "{BBBD8E51-C703-D51F-A740-8271ADD43C60}"
EndProject
Project("{FAE04EC0-301F-11D3-BF4B-00C04F79EFBC}") = "FS.FakeTwiter.UnitTests", "tests\FS.Framework.UnitTests\FS.FakeTwiter.UnitTests.csproj", "{3CB74C7D-3858-D51C-B773-D4EA3D4D1864}"
EndProject
Project("{FAE04EC0-301F-11D3-BF4B-00C04F79EFBC}") = "FS.Framework.UseCases", "src\FS.Framework.UseCases\FS.Framework.UseCases.csproj", "{9643082E-1905-A42E-9B5A-2A0643ECA789}"
EndProject
Project("{2150E333-8FDC-42A3-9474-1A3956D46DE8}") = "Docs", "Docs", "{02EA681E-C7D8-13C7-8484-4AC65E1B71E8}"
	ProjectSection(SolutionItems) = preProject
		architecture.md = architecture.md
	EndProjectSection
EndProject
Global
	GlobalSection(SolutionConfigurationPlatforms) = preSolution
		Debug|Any CPU = Debug|Any CPU
		Release|Any CPU = Release|Any CPU
	EndGlobalSection
	GlobalSection(ProjectConfigurationPlatforms) = postSolution
		{CE8786A4-09DD-F3AC-BAB3-93C52947D52B}.Debug|Any CPU.ActiveCfg = Debug|Any CPU
		{CE8786A4-09DD-F3AC-BAB3-93C52947D52B}.Debug|Any CPU.Build.0 = Debug|Any CPU
		{CE8786A4-09DD-F3AC-BAB3-93C52947D52B}.Release|Any CPU.ActiveCfg = Release|Any CPU
		{CE8786A4-09DD-F3AC-BAB3-93C52947D52B}.Release|Any CPU.Build.0 = Release|Any CPU
		{0A09B278-F8E2-E5CC-EA4F-0CE67A3B5EEF}.Debug|Any CPU.ActiveCfg = Debug|Any CPU
		{0A09B278-F8E2-E5CC-EA4F-0CE67A3B5EEF}.Debug|Any CPU.Build.0 = Debug|Any CPU
		{0A09B278-F8E2-E5CC-EA4F-0CE67A3B5EEF}.Release|Any CPU.ActiveCfg = Release|Any CPU
		{0A09B278-F8E2-E5CC-EA4F-0CE67A3B5EEF}.Release|Any CPU.Build.0 = Release|Any CPU
		{4F5E0A1D-C4CB-743B-0F7D-F0041B34706C}.Debug|Any CPU.ActiveCfg = Debug|Any CPU
		{4F5E0A1D-C4CB-743B-0F7D-F0041B34706C}.Debug|Any CPU.Build.0 = Debug|Any CPU
		{4F5E0A1D-C4CB-743B-0F7D-F0041B34706C}.Release|Any CPU.ActiveCfg = Release|Any CPU
		{4F5E0A1D-C4CB-743B-0F7D-F0041B34706C}.Release|Any CPU.Build.0 = Release|Any CPU
		{360DD3F5-628B-0217-DC37-0DB08BD5F5D8}.Debug|Any CPU.ActiveCfg = Debug|Any CPU
		{360DD3F5-628B-0217-DC37-0DB08BD5F5D8}.Debug|Any CPU.Build.0 = Debug|Any CPU
		{360DD3F5-628B-0217-DC37-0DB08BD5F5D8}.Release|Any CPU.ActiveCfg = Release|Any CPU
		{360DD3F5-628B-0217-DC37-0DB08BD5F5D8}.Release|Any CPU.Build.0 = Release|Any CPU
		{BBBD8E51-C703-D51F-A740-8271ADD43C60}.Debug|Any CPU.ActiveCfg = Debug|Any CPU
		{BBBD8E51-C703-D51F-A740-8271ADD43C60}.Debug|Any CPU.Build.0 = Debug|Any CPU
		{BBBD8E51-C703-D51F-A740-8271ADD43C60}.Release|Any CPU.ActiveCfg = Release|Any CPU
		{BBBD8E51-C703-D51F-A740-8271ADD43C60}.Release|Any CPU.Build.0 = Release|Any CPU
		{3CB74C7D-3858-D51C-B773-D4EA3D4D1864}.Debug|Any CPU.ActiveCfg = Debug|Any CPU
		{3CB74C7D-3858-D51C-B773-D4EA3D4D1864}.Debug|Any CPU.Build.0 = Debug|Any CPU
		{3CB74C7D-3858-D51C-B773-D4EA3D4D1864}.Release|Any CPU.ActiveCfg = Release|Any CPU
		{3CB74C7D-3858-D51C-B773-D4EA3D4D1864}.Release|Any CPU.Build.0 = Release|Any CPU
		{9643082E-1905-A42E-9B5A-2A0643ECA789}.Debug|Any CPU.ActiveCfg = Debug|Any CPU
		{9643082E-1905-A42E-9B5A-2A0643ECA789}.Debug|Any CPU.Build.0 = Debug|Any CPU
		{9643082E-1905-A42E-9B5A-2A0643ECA789}.Release|Any CPU.ActiveCfg = Release|Any CPU
		{9643082E-1905-A42E-9B5A-2A0643ECA789}.Release|Any CPU.Build.0 = Release|Any CPU
	EndGlobalSection
	GlobalSection(SolutionProperties) = preSolution
		HideSolutionNode = FALSE
	EndGlobalSection
	GlobalSection(ExtensibilityGlobals) = postSolution
		SolutionGuid = {AE81A382-43D6-4213-B24B-702DC4B8A22F}
	EndGlobalSection
EndGlobal
